dependencies:
  eslint-plugin-array-func: 3.1.3
lockfileVersion: 5.1
packages:
  /eslint-plugin-array-func/3.1.3:
    dev: false
    engines:
      node: '>= 6.8.0'
    peerDependencies:
      eslint: '>=3.0.0'
    resolution:
      integrity: sha512-uRfJ4d9Fyyvxm6/w++++RSQoXZyERFF0+6zqupgg5Mw/+eG4y19yrptTghJlApntKlPZBpA4XCOIBzJbvLrArQ==
specifiers:
  eslint-plugin-array-func: ^3.1.3
